// !$*UTF8*$!
{
	archiveVersion = 1;
	classes = {
	};
	objectVersion = 77;
	objects = {

/* Begin PBXBuildFile section */
		4253FC9B2DEE941D006EC86E /* README.md in Resources */ = {isa = PBXBuildFile; fileRef = 4253FC9A2DEE941D006EC86E /* README.md */; };
		4254DC472DEFFA2F00871F6B /* DriverKit.framework in Frameworks */ = {isa = PBXBuildFile; fileRef = 4239C81E2DEEE9A2008481B4 /* DriverKit.framework */; };
		4254DC502DEFFA2F00871F6B /* space.joscomputing.PCIHorror.PCIHorrorKit.dext in Embed System Extensions */ = {isa = PBXBuildFile; fileRef = 4254DC462DEFFA2F00871F6B /* space.joscomputing.PCIHorror.PCIHorrorKit.dext */; settings = {ATTRIBUTES = (RemoveHeadersOnCopy, ); }; };
		4254DC5E2DF00F9000871F6B /* PCIDriverKit.framework in Frameworks */ = {isa = PBXBuildFile; fileRef = 4254DC5D2DF00F9000871F6B /* PCIDriverKit.framework */; };
		425D7EC02DF305BE0076989D /* IOKit.framework in Frameworks */ = {isa = PBXBuildFile; fileRef = 425D7EBF2DF305BD0076989D /* IOKit.framework */; };
		425D7EC62DF30CA60076989D /* libsystem_platform.tbd in Frameworks */ = {isa = PBXBuildFile; fileRef = 425D7EC42DF30C530076989D /* libsystem_platform.tbd */; };
		4261A80C2DF1450900544179 /* ../Debug-driverkit/nv-kernel-driverkit.a in Frameworks */ = {isa = PBXBuildFile; fileRef = 4261A80B2DF1450900544179 /* ../Debug-driverkit/nv-kernel-driverkit.a */; };
		4261A80E2DF1451600544179 /* nv-kernel-macosx.a in Frameworks */ = {isa = PBXBuildFile; fileRef = 4261A80D2DF1451600544179 /* nv-kernel-macosx.a */; };
/* End PBXBuildFile section */

/* Begin PBXContainerItemProxy section */
		4254DC4E2DEFFA2F00871F6B /* PBXContainerItemProxy */ = {
			isa = PBXContainerItemProxy;
			containerPortal = 426B43FB2DEE5C770091BF48 /* Project object */;
			proxyType = 1;
			remoteGlobalIDString = 4254DC452DEFFA2F00871F6B;
			remoteInfo = PCIHorrorKit;
		};
/* End PBXContainerItemProxy section */

/* Begin PBXCopyFilesBuildPhase section */
		4254DC552DEFFA2F00871F6B /* Embed System Extensions */ = {
			isa = PBXCopyFilesBuildPhase;
			buildActionMask = 2147483647;
			dstPath = "$(SYSTEM_EXTENSIONS_FOLDER_PATH)";
			dstSubfolderSpec = 16;
			files = (
				4254DC502DEFFA2F00871F6B /* space.joscomputing.PCIHorror.PCIHorrorKit.dext in Embed System Extensions */,
			);
			name = "Embed System Extensions";
			runOnlyForDeploymentPostprocessing = 0;
		};
/* End PBXCopyFilesBuildPhase section */

/* Begin PBXFileReference section */
		4239C81E2DEEE9A2008481B4 /* DriverKit.framework */ = {isa = PBXFileReference; lastKnownFileType = wrapper.framework; name = DriverKit.framework; path = System/Library/Frameworks/DriverKit.framework; sourceTree = SDKROOT; };
		4253FC9A2DEE941D006EC86E /* README.md */ = {isa = PBXFileReference; lastKnownFileType = net.daringfireball.markdown; path = README.md; sourceTree = "<group>"; };
		4254DC352DEFFA2000871F6B /* PCIHorror.app */ = {isa = PBXFileReference; explicitFileType = wrapper.application; includeInIndex = 0; path = PCIHorror.app; sourceTree = BUILT_PRODUCTS_DIR; };
		4254DC462DEFFA2F00871F6B /* space.joscomputing.PCIHorror.PCIHorrorKit.dext */ = {isa = PBXFileReference; explicitFileType = "wrapper.driver-extension"; includeInIndex = 0; path = space.joscomputing.PCIHorror.PCIHorrorKit.dext; sourceTree = BUILT_PRODUCTS_DIR; };
		4254DC5D2DF00F9000871F6B /* PCIDriverKit.framework */ = {isa = PBXFileReference; lastKnownFileType = wrapper.framework; name = PCIDriverKit.framework; path = Platforms/DriverKit.platform/Developer/SDKs/DriverKit24.5.sdk/System/DriverKit/System/Library/Frameworks/PCIDriverKit.framework; sourceTree = DEVELOPER_DIR; };
		425D7EBF2DF305BD0076989D /* IOKit.framework */ = {isa = PBXFileReference; lastKnownFileType = wrapper.framework; name = IOKit.framework; path = System/Library/Frameworks/IOKit.framework; sourceTree = SDKROOT; };
		425D7EC42DF30C530076989D /* libsystem_platform.tbd */ = {isa = PBXFileReference; lastKnownFileType = "sourcecode.text-based-dylib-definition"; name = libsystem_platform.tbd; path = Platforms/DriverKit.platform/Developer/SDKs/DriverKit24.5.sdk/System/DriverKit/usr/lib/system/libsystem_platform.tbd; sourceTree = DEVELOPER_DIR; };
		4261A7E22DF13CA200544179 /* Makefile */ = {isa = PBXFileReference; lastKnownFileType = sourcecode.make; path = Makefile; sourceTree = "<group>"; };
		4261A7E42DF140A300544179 /* libnv-kernel.xcconfig */ = {isa = PBXFileReference; lastKnownFileType = text.xcconfig; path = "libnv-kernel.xcconfig"; sourceTree = "<group>"; };
		4261A80B2DF1450900544179 /* ../Debug-driverkit/nv-kernel-driverkit.a */ = {isa = PBXFileReference; lastKnownFileType = archive.ar; path = "../Debug-driverkit/nv-kernel-driverkit.a"; sourceTree = BUILT_PRODUCTS_DIR; };
		4261A80D2DF1451600544179 /* nv-kernel-macosx.a */ = {isa = PBXFileReference; lastKnownFileType = archive.ar; path = "nv-kernel-macosx.a"; sourceTree = BUILT_PRODUCTS_DIR; };
		426B44042DEE5C770091BF48 /* NVMacRM.kext */ = {isa = PBXFileReference; explicitFileType = wrapper.cfbundle; includeInIndex = 0; path = NVMacRM.kext; sourceTree = BUILT_PRODUCTS_DIR; };
		426B441F2DEE64510091BF48 /* libkmod.a */ = {isa = PBXFileReference; lastKnownFileType = archive.ar; name = libkmod.a; path = usr/lib/libkmod.a; sourceTree = SDKROOT; };
		42F99BAE2DEE9E7500BBD8A7 /* README.md */ = {isa = PBXFileReference; lastKnownFileType = net.daringfireball.markdown; path = README.md; sourceTree = "<group>"; };
/* End PBXFileReference section */

/* Begin PBXFileSystemSynchronizedBuildFileExceptionSet section */
		4206B3F22DF155450052D241 /* Exceptions for "libspdm-polyfill" folder in "PCIHorror" target */ = {
			isa = PBXFileSystemSynchronizedBuildFileExceptionSet;
			membershipExceptions = (
				libspdm_aead_aes_gcm.c,
				libspdm_aead.c,
				libspdm_ec.c,
				libspdm_ecc.c,
				libspdm_hkdf_sha.c,
				libspdm_hmac_sha.c,
				libspdm_internal_crypt_lib.c,
				libspdm_rand.c,
				libspdm_rsa_ext.c,
				libspdm_rsa.c,
				libspdm_sha.c,
				libspdm_x509.c,
				README.md,
			);
			target = 4254DC342DEFFA2000871F6B /* PCIHorror */;
		};
		4219729D2DF1650C004A3F58 /* Exceptions for "libnv-darwin" folder in "NVMacRM" target */ = {
			isa = PBXFileSystemSynchronizedBuildFileExceptionSet;
			membershipExceptions = (
				acpi.cpp,
				debug.cpp,
				driverkit_shim.h,
				libc.cpp,
				nv_darwin.h,
				nvlink.cpp,
				os.cpp,
				pci.cpp,
				power.cpp,
				stubs.c,
				userland.cpp,
			);
			target = 426B44032DEE5C770091BF48 /* NVMacRM */;
		};
		4219729E2DF1650C004A3F58 /* Exceptions for "libnv-darwin" folder in "PCIHorrorKit" target */ = {
			isa = PBXFileSystemSynchronizedBuildFileExceptionSet;
			membershipExceptions = (
				acpi.cpp,
				debug.cpp,
				driverkit_shim.h,
				libc.cpp,
				nv_darwin.h,
				nvlink.cpp,
				os.cpp,
				pci.cpp,
				power.cpp,
				stubs.c,
				userland.cpp,
			);
			target = 4254DC452DEFFA2F00871F6B /* PCIHorrorKit */;
		};
		421972B72DF17D4F004A3F58 /* Exceptions for "libnv-darwin" folder in "PCIHorror" target */ = {
			isa = PBXFileSystemSynchronizedBuildFileExceptionSet;
			membershipExceptions = (
				acpi.cpp,
				debug.cpp,
				libc.cpp,
				nvlink.cpp,
				os.cpp,
				pci.cpp,
				power.cpp,
				README.md,
				stubs.c,
				userland.cpp,
			);
			target = 4254DC342DEFFA2000871F6B /* PCIHorror */;
		};
		4254DC512DEFFA2F00871F6B /* Exceptions for "PCIHorrorKit" folder in "PCIHorrorKit" target */ = {
			isa = PBXFileSystemSynchronizedBuildFileExceptionSet;
			membershipExceptions = (
				Info.plist,
			);
			target = 4254DC452DEFFA2F00871F6B /* PCIHorrorKit */;
		};
		425D7EBD2DF3043A0076989D /* Exceptions for "libspdm-polyfill" folder in "NVMacRM" target */ = {
			isa = PBXFileSystemSynchronizedBuildFileExceptionSet;
			membershipExceptions = (
				libspdm_aead_aes_gcm.c,
				libspdm_aead.c,
				libspdm_ec.c,
				libspdm_ecc.c,
				libspdm_hkdf_sha.c,
				libspdm_hmac_sha.c,
				libspdm_internal_crypt_lib.c,
				libspdm_rand.c,
				libspdm_rsa_ext.c,
				libspdm_rsa.c,
				libspdm_sha.c,
				libspdm_x509.c,
			);
			target = 426B44032DEE5C770091BF48 /* NVMacRM */;
		};
		425D7EBE2DF3043A0076989D /* Exceptions for "libspdm-polyfill" folder in "PCIHorrorKit" target */ = {
			isa = PBXFileSystemSynchronizedBuildFileExceptionSet;
			membershipExceptions = (
				libspdm_aead_aes_gcm.c,
				libspdm_aead.c,
				libspdm_ec.c,
				libspdm_ecc.c,
				libspdm_hkdf_sha.c,
				libspdm_hmac_sha.c,
				libspdm_internal_crypt_lib.c,
				libspdm_rand.c,
				libspdm_rsa_ext.c,
				libspdm_rsa.c,
				libspdm_sha.c,
				libspdm_x509.c,
			);
			target = 4254DC452DEFFA2F00871F6B /* PCIHorrorKit */;
		};
		426B440C2DEE5C770091BF48 /* Exceptions for "NVMacRM" folder in "NVMacRM" target */ = {
			isa = PBXFileSystemSynchronizedBuildFileExceptionSet;
			membershipExceptions = (
				Info.plist,
			);
			target = 426B44032DEE5C770091BF48 /* NVMacRM */;
		};
/* End PBXFileSystemSynchronizedBuildFileExceptionSet section */

/* Begin PBXFileSystemSynchronizedRootGroup section */
		4206B3692DF14D490052D241 /* libspdm-polyfill */ = {
			isa = PBXFileSystemSynchronizedRootGroup;
			exceptions = (
				425D7EBD2DF3043A0076989D /* Exceptions for "libspdm-polyfill" folder in "NVMacRM" target */,
				4206B3F22DF155450052D241 /* Exceptions for "libspdm-polyfill" folder in "PCIHorror" target */,
				425D7EBE2DF3043A0076989D /* Exceptions for "libspdm-polyfill" folder in "PCIHorrorKit" target */,
			);
			path = "libspdm-polyfill";
			sourceTree = "<group>";
		};
		4206B4052DF15DDA0052D241 /* libnv-darwin */ = {
			isa = PBXFileSystemSynchronizedRootGroup;
			exceptions = (
				4219729D2DF1650C004A3F58 /* Exceptions for "libnv-darwin" folder in "NVMacRM" target */,
				421972B72DF17D4F004A3F58 /* Exceptions for "libnv-darwin" folder in "PCIHorror" target */,
				4219729E2DF1650C004A3F58 /* Exceptions for "libnv-darwin" folder in "PCIHorrorKit" target */,
			);
			path = "libnv-darwin";
			sourceTree = "<group>";
		};
		4254DC362DEFFA2000871F6B /* PCIHorror */ = {
			isa = PBXFileSystemSynchronizedRootGroup;
			path = PCIHorror;
			sourceTree = "<group>";
		};
		4254DC482DEFFA2F00871F6B /* PCIHorrorKit */ = {
			isa = PBXFileSystemSynchronizedRootGroup;
			exceptions = (
				4254DC512DEFFA2F00871F6B /* Exceptions for "PCIHorrorKit" folder in "PCIHorrorKit" target */,
			);
			path = PCIHorrorKit;
			sourceTree = "<group>";
		};
		426B44062DEE5C770091BF48 /* NVMacRM */ = {
			isa = PBXFileSystemSynchronizedRootGroup;
			exceptions = (
				426B440C2DEE5C770091BF48 /* Exceptions for "NVMacRM" folder in "NVMacRM" target */,
			);
			path = NVMacRM;
			sourceTree = "<group>";
		};
/* End PBXFileSystemSynchronizedRootGroup section */

/* Begin PBXFrameworksBuildPhase section */
		4254DC322DEFFA2000871F6B /* Frameworks */ = {
			isa = PBXFrameworksBuildPhase;
			buildActionMask = 2147483647;
			files = (
			);
			runOnlyForDeploymentPostprocessing = 0;
		};
		4254DC432DEFFA2F00871F6B /* Frameworks */ = {
			isa = PBXFrameworksBuildPhase;
			buildActionMask = 2147483647;
			files = (
				4261A80C2DF1450900544179 /* ../Debug-driverkit/nv-kernel-driverkit.a in Frameworks */,
				4254DC5E2DF00F9000871F6B /* PCIDriverKit.framework in Frameworks */,
				425D7EC62DF30CA60076989D /* libsystem_platform.tbd in Frameworks */,
				4254DC472DEFFA2F00871F6B /* DriverKit.framework in Frameworks */,
			);
			runOnlyForDeploymentPostprocessing = 0;
		};
		426B44012DEE5C770091BF48 /* Frameworks */ = {
			isa = PBXFrameworksBuildPhase;
			buildActionMask = 2147483647;
			files = (
				4261A80E2DF1451600544179 /* nv-kernel-macosx.a in Frameworks */,
				425D7EC02DF305BE0076989D /* IOKit.framework in Frameworks */,
			);
			runOnlyForDeploymentPostprocessing = 0;
		};
/* End PBXFrameworksBuildPhase section */

/* Begin PBXGroup section */
		426B43FA2DEE5C770091BF48 = {
			isa = PBXGroup;
			children = (
				4253FC9A2DEE941D006EC86E /* README.md */,
				426B44062DEE5C770091BF48 /* NVMacRM */,
				4254DC482DEFFA2F00871F6B /* PCIHorrorKit */,
				42F99BA12DEE9DF800BBD8A7 /* Support */,
				426B441E2DEE64510091BF48 /* Frameworks */,
				426B44052DEE5C770091BF48 /* Products */,
			);
			sourceTree = "<group>";
		};
		426B44052DEE5C770091BF48 /* Products */ = {
			isa = PBXGroup;
			children = (
				4261A80D2DF1451600544179 /* nv-kernel-macosx.a */,
				4261A80B2DF1450900544179 /* ../Debug-driverkit/nv-kernel-driverkit.a */,
				426B44042DEE5C770091BF48 /* NVMacRM.kext */,
				4254DC352DEFFA2000871F6B /* PCIHorror.app */,
				4254DC462DEFFA2F00871F6B /* space.joscomputing.PCIHorror.PCIHorrorKit.dext */,
			);
			name = Products;
			sourceTree = "<group>";
		};
		426B441E2DEE64510091BF48 /* Frameworks */ = {
			isa = PBXGroup;
			children = (
				425D7EC42DF30C530076989D /* libsystem_platform.tbd */,
				425D7EBF2DF305BD0076989D /* IOKit.framework */,
				4254DC5D2DF00F9000871F6B /* PCIDriverKit.framework */,
				426B441F2DEE64510091BF48 /* libkmod.a */,
				4239C81E2DEEE9A2008481B4 /* DriverKit.framework */,
			);
			name = Frameworks;
			sourceTree = "<group>";
		};
		42F97F3B2DEE9DF800BBD8A7 /* libnv-kernel */ = {
			isa = PBXGroup;
			children = (
				42F99BAE2DEE9E7500BBD8A7 /* README.md */,
				4261A7E22DF13CA200544179 /* Makefile */,
				4261A7E42DF140A300544179 /* libnv-kernel.xcconfig */,
			);
			path = "libnv-kernel";
			sourceTree = "<group>";
		};
		42F99BA12DEE9DF800BBD8A7 /* Support */ = {
			isa = PBXGroup;
			children = (
				4206B3692DF14D490052D241 /* libspdm-polyfill */,
				4206B4052DF15DDA0052D241 /* libnv-darwin */,
				42F97F3B2DEE9DF800BBD8A7 /* libnv-kernel */,
				4254DC362DEFFA2000871F6B /* PCIHorror */,
			);
			path = Support;
			sourceTree = "<group>";
		};
/* End PBXGroup section */

/* Begin PBXHeadersBuildPhase section */
		4254DC412DEFFA2F00871F6B /* Headers */ = {
			isa = PBXHeadersBuildPhase;
			buildActionMask = 2147483647;
			files = (
			);
			runOnlyForDeploymentPostprocessing = 0;
		};
		426B43FF2DEE5C770091BF48 /* Headers */ = {
			isa = PBXHeadersBuildPhase;
			buildActionMask = 2147483647;
			files = (
			);
			runOnlyForDeploymentPostprocessing = 0;
		};
/* End PBXHeadersBuildPhase section */

/* Begin PBXLegacyTarget section */
		4261A7DE2DF13C6A00544179 /* libnv-kernel-macosx */ = {
			isa = PBXLegacyTarget;
			buildArgumentsString = "-j -f $(PROJECT_DIR)/Support/libnv-kernel/Makefile faux_nv_kernel_library";
			buildConfigurationList = 4261A7DF2DF13C6A00544179 /* Build configuration list for PBXLegacyTarget "libnv-kernel-macosx" */;
			buildPhases = (
			);
			buildToolPath = /usr/bin/make;
			buildWorkingDirectory = "$(PROJECT_DIR)/Support/open-gpu-kernel-modules/src/nvidia";
			dependencies = (
			);
			name = "libnv-kernel-macosx";
			packageProductDependencies = (
			);
			passBuildSettingsInEnvironment = 1;
			productName = "libnv-kernel";
		};
		4261A8052DF1428E00544179 /* libnv-kernel-driverkit */ = {
			isa = PBXLegacyTarget;
			buildArgumentsString = "-j -f $(PROJECT_DIR)/Support/libnv-kernel/Makefile faux_nv_kernel_library";
			buildConfigurationList = 4261A8062DF1428E00544179 /* Build configuration list for PBXLegacyTarget "libnv-kernel-driverkit" */;
			buildPhases = (
			);
			buildToolPath = /usr/bin/make;
			buildWorkingDirectory = "$(PROJECT_DIR)/Support/open-gpu-kernel-modules/src/nvidia";
			dependencies = (
			);
			name = "libnv-kernel-driverkit";
			packageProductDependencies = (
			);
			passBuildSettingsInEnvironment = 1;
			productName = "libnv-kernel";
		};
/* End PBXLegacyTarget section */

/* Begin PBXNativeTarget section */
		4254DC342DEFFA2000871F6B /* PCIHorror */ = {
			isa = PBXNativeTarget;
			buildConfigurationList = 4254DC3E2DEFFA2100871F6B /* Build configuration list for PBXNativeTarget "PCIHorror" */;
			buildPhases = (
				4254DC312DEFFA2000871F6B /* Sources */,
				4254DC322DEFFA2000871F6B /* Frameworks */,
				4254DC332DEFFA2000871F6B /* Resources */,
				4254DC552DEFFA2F00871F6B /* Embed System Extensions */,
			);
			buildRules = (
			);
			dependencies = (
				4254DC4F2DEFFA2F00871F6B /* PBXTargetDependency */,
			);
			fileSystemSynchronizedGroups = (
				4206B3692DF14D490052D241 /* libspdm-polyfill */,
				4206B4052DF15DDA0052D241 /* libnv-darwin */,
				4254DC362DEFFA2000871F6B /* PCIHorror */,
			);
			name = PCIHorror;
			packageProductDependencies = (
			);
			productName = PCIHorror;
			productReference = 4254DC352DEFFA2000871F6B /* PCIHorror.app */;
			productType = "com.apple.product-type.application";
		};
		4254DC452DEFFA2F00871F6B /* PCIHorrorKit */ = {
			isa = PBXNativeTarget;
			buildConfigurationList = 4254DC522DEFFA2F00871F6B /* Build configuration list for PBXNativeTarget "PCIHorrorKit" */;
			buildPhases = (
				4254DC412DEFFA2F00871F6B /* Headers */,
				4254DC422DEFFA2F00871F6B /* Sources */,
				4254DC432DEFFA2F00871F6B /* Frameworks */,
				4254DC442DEFFA2F00871F6B /* Resources */,
			);
			buildRules = (
			);
			dependencies = (
			);
			fileSystemSynchronizedGroups = (
				4254DC482DEFFA2F00871F6B /* PCIHorrorKit */,
			);
			name = PCIHorrorKit;
			packageProductDependencies = (
			);
			productName = PCIHorrorKit;
			productReference = 4254DC462DEFFA2F00871F6B /* space.joscomputing.PCIHorror.PCIHorrorKit.dext */;
			productType = "com.apple.product-type.driver-extension";
		};
		426B44032DEE5C770091BF48 /* NVMacRM */ = {
			isa = PBXNativeTarget;
			buildConfigurationList = 426B440D2DEE5C770091BF48 /* Build configuration list for PBXNativeTarget "NVMacRM" */;
			buildPhases = (
				426B43FF2DEE5C770091BF48 /* Headers */,
				426B44002DEE5C770091BF48 /* Sources */,
				426B44012DEE5C770091BF48 /* Frameworks */,
				426B44022DEE5C770091BF48 /* Resources */,
			);
			buildRules = (
			);
			dependencies = (
			);
			fileSystemSynchronizedGroups = (
				426B44062DEE5C770091BF48 /* NVMacRM */,
			);
			name = NVMacRM;
			packageProductDependencies = (
			);
			productName = NVMac;
			productReference = 426B44042DEE5C770091BF48 /* NVMacRM.kext */;
			productType = "com.apple.product-type.kernel-extension";
		};
/* End PBXNativeTarget section */

/* Begin PBXProject section */
		426B43FB2DEE5C770091BF48 /* Project object */ = {
			isa = PBXProject;
			attributes = {
				BuildIndependentTargetsInParallel = 1;
				LastSwiftUpdateCheck = 1640;
				LastUpgradeCheck = 1640;
				TargetAttributes = {
					4254DC342DEFFA2000871F6B = {
						CreatedOnToolsVersion = 16.4;
						LastSwiftMigration = 1640;
					};
					4254DC452DEFFA2F00871F6B = {
						CreatedOnToolsVersion = 16.4;
					};
					4261A7DE2DF13C6A00544179 = {
						CreatedOnToolsVersion = 16.4;
					};
					426B44032DEE5C770091BF48 = {
						CreatedOnToolsVersion = 16.4;
						LastSwiftMigration = 1640;
					};
				};
			};
			buildConfigurationList = 426B43FE2DEE5C770091BF48 /* Build configuration list for PBXProject "NVMac" */;
			developmentRegion = en;
			hasScannedForEncodings = 0;
			knownRegions = (
				en,
				Base,
			);
			mainGroup = 426B43FA2DEE5C770091BF48;
			minimizedProjectReferenceProxies = 1;
			preferredProjectObjectVersion = 77;
			projectDirPath = "";
			projectRoot = "";
			targets = (
				426B44032DEE5C770091BF48 /* NVMacRM */,
				4254DC342DEFFA2000871F6B /* PCIHorror */,
				4254DC452DEFFA2F00871F6B /* PCIHorrorKit */,
				4261A7DE2DF13C6A00544179 /* libnv-kernel-macosx */,
				4261A8052DF1428E00544179 /* libnv-kernel-driverkit */,
			);
		};
/* End PBXProject section */

/* Begin PBXResourcesBuildPhase section */
		4254DC332DEFFA2000871F6B /* Resources */ = {
			isa = PBXResourcesBuildPhase;
			buildActionMask = 2147483647;
			files = (
			);
			runOnlyForDeploymentPostprocessing = 0;
		};
		4254DC442DEFFA2F00871F6B /* Resources */ = {
			isa = PBXResourcesBuildPhase;
			buildActionMask = 2147483647;
			files = (
			);
			runOnlyForDeploymentPostprocessing = 0;
		};
		426B44022DEE5C770091BF48 /* Resources */ = {
			isa = PBXResourcesBuildPhase;
			buildActionMask = 2147483647;
			files = (
				4253FC9B2DEE941D006EC86E /* README.md in Resources */,
			);
			runOnlyForDeploymentPostprocessing = 0;
		};
/* End PBXResourcesBuildPhase section */

/* Begin PBXSourcesBuildPhase section */
		4254DC312DEFFA2000871F6B /* Sources */ = {
			isa = PBXSourcesBuildPhase;
			buildActionMask = 2147483647;
			files = (
			);
			runOnlyForDeploymentPostprocessing = 0;
		};
		4254DC422DEFFA2F00871F6B /* Sources */ = {
			isa = PBXSourcesBuildPhase;
			buildActionMask = 2147483647;
			files = (
			);
			runOnlyForDeploymentPostprocessing = 0;
		};
		426B44002DEE5C770091BF48 /* Sources */ = {
			isa = PBXSourcesBuildPhase;
			buildActionMask = 2147483647;
			files = (
			);
			runOnlyForDeploymentPostprocessing = 0;
		};
/* End PBXSourcesBuildPhase section */

/* Begin PBXTargetDependency section */
		4254DC4F2DEFFA2F00871F6B /* PBXTargetDependency */ = {
			isa = PBXTargetDependency;
			target = 4254DC452DEFFA2F00871F6B /* PCIHorrorKit */;
			targetProxy = 4254DC4E2DEFFA2F00871F6B /* PBXContainerItemProxy */;
		};
/* End PBXTargetDependency section */

/* Begin XCBuildConfiguration section */
		4254DC3F2DEFFA2100871F6B /* Debug */ = {
			isa = XCBuildConfiguration;
			buildSettings = {
				ARCHS = x86_64;
				ASSETCATALOG_COMPILER_APPICON_NAME = AppIcon;
				ASSETCATALOG_COMPILER_GLOBAL_ACCENT_COLOR_NAME = AccentColor;
				CLANG_ENABLE_MODULES = YES;
				CODE_SIGN_ENTITLEMENTS = Support/PCIHorror/PCIHorror.entitlements;
				CODE_SIGN_STYLE = Manual;
				COMBINE_HIDPI_IMAGES = YES;
				CURRENT_PROJECT_VERSION = 1;
				DEVELOPMENT_TEAM = "";
				ENABLE_HARDENED_RUNTIME = YES;
				ENABLE_PREVIEWS = YES;
				GENERATE_INFOPLIST_FILE = YES;
				INFOPLIST_KEY_NSHumanReadableCopyright = "";
				LD_RUNPATH_SEARCH_PATHS = (
					"$(inherited)",
					"@executable_path/../Frameworks",
				);
				MARKETING_VERSION = 1.0;
				PRODUCT_BUNDLE_IDENTIFIER = space.joscomputing.PCIHorror;
				PRODUCT_NAME = "$(TARGET_NAME)";
				PROVISIONING_PROFILE_SPECIFIER = "";
				REGISTER_APP_GROUPS = YES;
				SWIFT_ACTIVE_COMPILATION_CONDITIONS = "DEBUG $(inherited)";
				SWIFT_EMIT_LOC_STRINGS = YES;
				SWIFT_OPTIMIZATION_LEVEL = "-Onone";
				SWIFT_VERSION = 5.0;
			};
			name = Debug;
		};
		4254DC402DEFFA2100871F6B /* Release */ = {
			isa = XCBuildConfiguration;
			buildSettings = {
				ARCHS = x86_64;
				ASSETCATALOG_COMPILER_APPICON_NAME = AppIcon;
				ASSETCATALOG_COMPILER_GLOBAL_ACCENT_COLOR_NAME = AccentColor;
				CLANG_ENABLE_MODULES = YES;
				CODE_SIGN_ENTITLEMENTS = Support/PCIHorror/PCIHorror.entitlements;
				CODE_SIGN_STYLE = Manual;
				COMBINE_HIDPI_IMAGES = YES;
				CURRENT_PROJECT_VERSION = 1;
				DEVELOPMENT_TEAM = "";
				ENABLE_HARDENED_RUNTIME = YES;
				ENABLE_PREVIEWS = YES;
				GENERATE_INFOPLIST_FILE = YES;
				INFOPLIST_KEY_NSHumanReadableCopyright = "";
				LD_RUNPATH_SEARCH_PATHS = (
					"$(inherited)",
					"@executable_path/../Frameworks",
				);
				MARKETING_VERSION = 1.0;
				PRODUCT_BUNDLE_IDENTIFIER = space.joscomputing.PCIHorror;
				PRODUCT_NAME = "$(TARGET_NAME)";
				PROVISIONING_PROFILE_SPECIFIER = "";
				REGISTER_APP_GROUPS = YES;
				SWIFT_COMPILATION_MODE = wholemodule;
				SWIFT_EMIT_LOC_STRINGS = YES;
				SWIFT_VERSION = 5.0;
			};
			name = Release;
		};
		4254DC532DEFFA2F00871F6B /* Debug */ = {
			isa = XCBuildConfiguration;
			baseConfigurationReference = 4261A7E42DF140A300544179 /* libnv-kernel.xcconfig */;
			buildSettings = {
				AD_HOC_CODE_SIGNING_ALLOWED = Yes;
				ARCHS = x86_64;
				CODE_SIGN_ENTITLEMENTS = "$(PROJECT_DIR)/PCIHorrorKit/PCIHorrorKit.entitlements";
				CODE_SIGN_IDENTITY = "-";
				CODE_SIGN_INJECT_BASE_ENTITLEMENTS = YES;
				CODE_SIGN_STYLE = Manual;
				CURRENT_PROJECT_VERSION = 1;
				DRIVERKIT_DEPLOYMENT_TARGET = 24.5;
				FRAMEWORK_SEARCH_PATHS = (
					"$(inherited)",
					"$(SDKROOT)/System/DriverKit/System/Library/Frameworks",
				);
				GENERATE_INFOPLIST_FILE = YES;
				INFOPLIST_FILE = PCIHorrorKit/Info.plist;
				INFOPLIST_KEY_OSBundleUsageDescription = "";
				LIBRARY_SEARCH_PATHS = (
					"$(inherited)",
					"$(SDKROOT)/System/DriverKit/usr/lib/system",
				);
				MARKETING_VERSION = 1.0;
				PRODUCT_BUNDLE_IDENTIFIER = space.joscomputing.PCIHorror.PCIHorrorKit;
				PRODUCT_NAME = "$(inherited)";
				PROVISIONING_PROFILE_SPECIFIER = "";
				RUN_CLANG_STATIC_ANALYZER = YES;
				SDKROOT = driverkit;
				SKIP_INSTALL = YES;
				SWIFT_EMIT_LOC_STRINGS = YES;
			};
			name = Debug;
		};
		4254DC542DEFFA2F00871F6B /* Release */ = {
			isa = XCBuildConfiguration;
			baseConfigurationReference = 4261A7E42DF140A300544179 /* libnv-kernel.xcconfig */;
			buildSettings = {
				AD_HOC_CODE_SIGNING_ALLOWED = Yes;
				ARCHS = x86_64;
				CODE_SIGN_ENTITLEMENTS = "$(PROJECT_DIR)/PCIHorrorKit/PCIHorrorKit.entitlements";
				CODE_SIGN_IDENTITY = "-";
				CODE_SIGN_INJECT_BASE_ENTITLEMENTS = YES;
				CODE_SIGN_STYLE = Manual;
				CURRENT_PROJECT_VERSION = 1;
				DRIVERKIT_DEPLOYMENT_TARGET = 24.5;
				FRAMEWORK_SEARCH_PATHS = (
					"$(inherited)",
					"$(SDKROOT)/System/DriverKit/System/Library/Frameworks",
				);
				GENERATE_INFOPLIST_FILE = YES;
				INFOPLIST_FILE = PCIHorrorKit/Info.plist;
				INFOPLIST_KEY_OSBundleUsageDescription = "";
				LIBRARY_SEARCH_PATHS = (
					"$(inherited)",
					"$(SDKROOT)/System/DriverKit/usr/lib/system",
				);
				MARKETING_VERSION = 1.0;
				PRODUCT_BUNDLE_IDENTIFIER = space.joscomputing.PCIHorror.PCIHorrorKit;
				PRODUCT_NAME = "$(inherited)";
				PROVISIONING_PROFILE_SPECIFIER = "";
				RUN_CLANG_STATIC_ANALYZER = YES;
				SDKROOT = driverkit;
				SKIP_INSTALL = YES;
				SWIFT_EMIT_LOC_STRINGS = YES;
			};
			name = Release;
		};
		4261A7E02DF13C6A00544179 /* Debug */ = {
			isa = XCBuildConfiguration;
			buildSettings = {
				CODE_SIGN_STYLE = Automatic;
				DEBUGGING_SYMBOLS = YES;
				DEBUG_INFORMATION_FORMAT = dwarf;
				DEVELOPMENT_TEAM = NP873NYDVX;
				GCC_GENERATE_DEBUGGING_SYMBOLS = YES;
				GCC_OPTIMIZATION_LEVEL = 0;
				OTHER_CFLAGS = "";
				OTHER_LDFLAGS = "";
				PRODUCT_NAME = "$(TARGET_NAME)";
				SDKROOT = macosx;
			};
			name = Debug;
		};
		4261A7E12DF13C6A00544179 /* Release */ = {
			isa = XCBuildConfiguration;
			buildSettings = {
				CODE_SIGN_STYLE = Automatic;
				DEBUG_INFORMATION_FORMAT = "dwarf-with-dsym";
				DEVELOPMENT_TEAM = NP873NYDVX;
				OTHER_CFLAGS = "";
				OTHER_LDFLAGS = "";
				PRODUCT_NAME = "$(TARGET_NAME)";
				SDKROOT = macosx;
			};
			name = Release;
		};
		4261A8072DF1428E00544179 /* Debug */ = {
			isa = XCBuildConfiguration;
			buildSettings = {
				CODE_SIGN_STYLE = Automatic;
				DEBUGGING_SYMBOLS = YES;
				DEBUG_INFORMATION_FORMAT = dwarf;
				DEVELOPMENT_TEAM = NP873NYDVX;
				GCC_GENERATE_DEBUGGING_SYMBOLS = YES;
				GCC_OPTIMIZATION_LEVEL = 0;
				PRODUCT_NAME = "$(TARGET_NAME)";
				SDKROOT = driverkit;
			};
			name = Debug;
		};
		4261A8082DF1428E00544179 /* Release */ = {
			isa = XCBuildConfiguration;
			buildSettings = {
				CODE_SIGN_STYLE = Automatic;
				DEBUG_INFORMATION_FORMAT = "dwarf-with-dsym";
				DEVELOPMENT_TEAM = NP873NYDVX;
				PRODUCT_NAME = "$(TARGET_NAME)";
				SDKROOT = driverkit;
			};
			name = Release;
		};
		426B440E2DEE5C770091BF48 /* Debug */ = {
			isa = XCBuildConfiguration;
			baseConfigurationReference = 4261A7E42DF140A300544179 /* libnv-kernel.xcconfig */;
			buildSettings = {
				ARCHS = x86_64;
				CLANG_ENABLE_MODULES = YES;
				CLANG_WARN_QUOTED_INCLUDE_IN_FRAMEWORK_HEADER = NO;
				CODE_SIGN_STYLE = Automatic;
				COMBINE_HIDPI_IMAGES = YES;
				CURRENT_PROJECT_VERSION = 1.0.0d1;
				DEVELOPMENT_TEAM = NP873NYDVX;
				GENERATE_INFOPLIST_FILE = YES;
				INFOPLIST_FILE = NVMacRM/Info.plist;
				INFOPLIST_KEY_NSHumanReadableCopyright = "";
				LIBRARY_SEARCH_PATHS = (
					"$(inherited)",
					"$(PROJECT_DIR)/Support/open-gpu-kernel-modules/src/nvidia",
					"$(PROJECT_DIR)/Support/nvidia-agnostic-api",
					"$(PROJECT_DIR)",
				);
				MACOSX_DEPLOYMENT_TARGET = 15.5;
				MARKETING_VERSION = 1.0;
				MODULE_NAME = space.joscomputing.NVMacRM;
				MODULE_VERSION = 1.0.0d1;
				OTHER_CFLAGS = (
					"-DNV_KERNEL_INTERFACE_LAYER=1",
					"-DNVRM",
				);
				PRODUCT_BUNDLE_IDENTIFIER = space.joscomputing.NVMacRM;
				PRODUCT_NAME = "$(TARGET_NAME)";
				RUN_CLANG_STATIC_ANALYZER = YES;
				SUPPORTED_PLATFORMS = macosx;
				SUPPORTS_MACCATALYST = NO;
				SWIFT_EMIT_LOC_STRINGS = YES;
				SWIFT_OPTIMIZATION_LEVEL = "-Onone";
				SWIFT_VERSION = 6.0;
				WRAPPER_EXTENSION = kext;
			};
			name = Debug;
		};
		426B440F2DEE5C770091BF48 /* Release */ = {
			isa = XCBuildConfiguration;
			baseConfigurationReference = 4261A7E42DF140A300544179 /* libnv-kernel.xcconfig */;
			buildSettings = {
				ARCHS = x86_64;
				CLANG_ENABLE_MODULES = YES;
				CLANG_WARN_QUOTED_INCLUDE_IN_FRAMEWORK_HEADER = NO;
				CODE_SIGN_STYLE = Automatic;
				COMBINE_HIDPI_IMAGES = YES;
				CURRENT_PROJECT_VERSION = 1.0.0d1;
				DEVELOPMENT_TEAM = NP873NYDVX;
				GENERATE_INFOPLIST_FILE = YES;
				INFOPLIST_FILE = NVMacRM/Info.plist;
				INFOPLIST_KEY_NSHumanReadableCopyright = "";
				LIBRARY_SEARCH_PATHS = (
					"$(inherited)",
					"$(PROJECT_DIR)/Support/open-gpu-kernel-modules/src/nvidia",
					"$(PROJECT_DIR)/Support/nvidia-agnostic-api",
					"$(PROJECT_DIR)",
				);
				MACOSX_DEPLOYMENT_TARGET = 15.5;
				MARKETING_VERSION = 1.0;
				MODULE_NAME = space.joscomputing.NVMacRM;
				MODULE_VERSION = 1.0.0d1;
				OTHER_CFLAGS = (
					"-DNV_KERNEL_INTERFACE_LAYER=1",
					"-DNVRM",
				);
				PRODUCT_BUNDLE_IDENTIFIER = space.joscomputing.NVMacRM;
				PRODUCT_NAME = "$(TARGET_NAME)";
				RUN_CLANG_STATIC_ANALYZER = YES;
				SUPPORTED_PLATFORMS = macosx;
				SUPPORTS_MACCATALYST = NO;
				SWIFT_EMIT_LOC_STRINGS = YES;
				SWIFT_VERSION = 6.0;
				WRAPPER_EXTENSION = kext;
			};
			name = Release;
		};
		426B44102DEE5C770091BF48 /* Debug */ = {
			isa = XCBuildConfiguration;
			buildSettings = {
				ALWAYS_SEARCH_USER_PATHS = NO;
				ASSETCATALOG_COMPILER_GENERATE_SWIFT_ASSET_SYMBOL_EXTENSIONS = YES;
				CLANG_ANALYZER_NONNULL = YES;
				CLANG_ANALYZER_NUMBER_OBJECT_CONVERSION = YES_AGGRESSIVE;
				CLANG_CXX_LANGUAGE_STANDARD = "gnu++20";
				CLANG_ENABLE_MODULES = YES;
				CLANG_ENABLE_OBJC_ARC = YES;
				CLANG_ENABLE_OBJC_WEAK = YES;
				CLANG_WARN_BLOCK_CAPTURE_AUTORELEASING = YES;
				CLANG_WARN_BOOL_CONVERSION = YES;
				CLANG_WARN_COMMA = YES;
				CLANG_WARN_CONSTANT_CONVERSION = YES;
				CLANG_WARN_DEPRECATED_OBJC_IMPLEMENTATIONS = YES;
				CLANG_WARN_DIRECT_OBJC_ISA_USAGE = YES_ERROR;
				CLANG_WARN_DOCUMENTATION_COMMENTS = YES;
				CLANG_WARN_EMPTY_BODY = YES;
				CLANG_WARN_ENUM_CONVERSION = YES;
				CLANG_WARN_INFINITE_RECURSION = YES;
				CLANG_WARN_INT_CONVERSION = YES;
				CLANG_WARN_NON_LITERAL_NULL_CONVERSION = YES;
				CLANG_WARN_OBJC_IMPLICIT_RETAIN_SELF = YES;
				CLANG_WARN_OBJC_LITERAL_CONVERSION = YES;
				CLANG_WARN_OBJC_ROOT_CLASS = YES_ERROR;
				CLANG_WARN_QUOTED_INCLUDE_IN_FRAMEWORK_HEADER = YES;
				CLANG_WARN_RANGE_LOOP_ANALYSIS = YES;
				CLANG_WARN_STRICT_PROTOTYPES = YES;
				CLANG_WARN_SUSPICIOUS_MOVE = YES;
				CLANG_WARN_UNGUARDED_AVAILABILITY = YES_AGGRESSIVE;
				CLANG_WARN_UNREACHABLE_CODE = YES;
				CLANG_WARN__DUPLICATE_METHOD_MATCH = YES;
				COPY_PHASE_STRIP = NO;
				DEBUG_INFORMATION_FORMAT = dwarf;
				DEVELOPMENT_TEAM = NP873NYDVX;
				ENABLE_STRICT_OBJC_MSGSEND = YES;
				ENABLE_TESTABILITY = YES;
				ENABLE_USER_SCRIPT_SANDBOXING = YES;
				GCC_C_LANGUAGE_STANDARD = gnu17;
				GCC_DYNAMIC_NO_PIC = NO;
				GCC_NO_COMMON_BLOCKS = YES;
				GCC_OPTIMIZATION_LEVEL = 0;
				GCC_PREPROCESSOR_DEFINITIONS = (
					"DEBUG=1",
					"$(inherited)",
				);
				GCC_WARN_64_TO_32_BIT_CONVERSION = YES;
				GCC_WARN_ABOUT_RETURN_TYPE = YES_ERROR;
				GCC_WARN_UNDECLARED_SELECTOR = YES;
				GCC_WARN_UNINITIALIZED_AUTOS = YES_AGGRESSIVE;
				GCC_WARN_UNUSED_FUNCTION = YES;
				GCC_WARN_UNUSED_VARIABLE = YES;
				KERNEL_EXTENSION_HEADER_SEARCH_PATHS = "$(PROJECT_DIR)/Support/MacKernelSDK/Headers";
				KERNEL_FRAMEWORK_HEADERS = "$(PROJECT_DIR)/Support/MacKernelSDK/Headers";
				LIBRARY_SEARCH_PATHS = "$(PROJECT_DIR)/Support/MacKernelSDK/Library/x86_64";
				LOCALIZATION_PREFERS_STRING_CATALOGS = YES;
				MACOSX_DEPLOYMENT_TARGET = 15.5;
				MTL_ENABLE_DEBUG_INFO = INCLUDE_SOURCE;
				MTL_FAST_MATH = YES;
				ONLY_ACTIVE_ARCH = YES;
				SDKROOT = macosx;
			};
			name = Debug;
		};
		426B44112DEE5C770091BF48 /* Release */ = {
			isa = XCBuildConfiguration;
			buildSettings = {
				ALWAYS_SEARCH_USER_PATHS = NO;
				ASSETCATALOG_COMPILER_GENERATE_SWIFT_ASSET_SYMBOL_EXTENSIONS = YES;
				CLANG_ANALYZER_NONNULL = YES;
				CLANG_ANALYZER_NUMBER_OBJECT_CONVERSION = YES_AGGRESSIVE;
				CLANG_CXX_LANGUAGE_STANDARD = "gnu++20";
				CLANG_ENABLE_MODULES = YES;
				CLANG_ENABLE_OBJC_ARC = YES;
				CLANG_ENABLE_OBJC_WEAK = YES;
				CLANG_WARN_BLOCK_CAPTURE_AUTORELEASING = YES;
				CLANG_WARN_BOOL_CONVERSION = YES;
				CLANG_WARN_COMMA = YES;
				CLANG_WARN_CONSTANT_CONVERSION = YES;
				CLANG_WARN_DEPRECATED_OBJC_IMPLEMENTATIONS = YES;
				CLANG_WARN_DIRECT_OBJC_ISA_USAGE = YES_ERROR;
				CLANG_WARN_DOCUMENTATION_COMMENTS = YES;
				CLANG_WARN_EMPTY_BODY = YES;
				CLANG_WARN_ENUM_CONVERSION = YES;
				CLANG_WARN_INFINITE_RECURSION = YES;
				CLANG_WARN_INT_CONVERSION = YES;
				CLANG_WARN_NON_LITERAL_NULL_CONVERSION = YES;
				CLANG_WARN_OBJC_IMPLICIT_RETAIN_SELF = YES;
				CLANG_WARN_OBJC_LITERAL_CONVERSION = YES;
				CLANG_WARN_OBJC_ROOT_CLASS = YES_ERROR;
				CLANG_WARN_QUOTED_INCLUDE_IN_FRAMEWORK_HEADER = YES;
				CLANG_WARN_RANGE_LOOP_ANALYSIS = YES;
				CLANG_WARN_STRICT_PROTOTYPES = YES;
				CLANG_WARN_SUSPICIOUS_MOVE = YES;
				CLANG_WARN_UNGUARDED_AVAILABILITY = YES_AGGRESSIVE;
				CLANG_WARN_UNREACHABLE_CODE = YES;
				CLANG_WARN__DUPLICATE_METHOD_MATCH = YES;
				COPY_PHASE_STRIP = NO;
				DEBUG_INFORMATION_FORMAT = "dwarf-with-dsym";
				DEVELOPMENT_TEAM = NP873NYDVX;
				ENABLE_NS_ASSERTIONS = NO;
				ENABLE_STRICT_OBJC_MSGSEND = YES;
				ENABLE_USER_SCRIPT_SANDBOXING = YES;
				GCC_C_LANGUAGE_STANDARD = gnu17;
				GCC_NO_COMMON_BLOCKS = YES;
				GCC_WARN_64_TO_32_BIT_CONVERSION = YES;
				GCC_WARN_ABOUT_RETURN_TYPE = YES_ERROR;
				GCC_WARN_UNDECLARED_SELECTOR = YES;
				GCC_WARN_UNINITIALIZED_AUTOS = YES_AGGRESSIVE;
				GCC_WARN_UNUSED_FUNCTION = YES;
				GCC_WARN_UNUSED_VARIABLE = YES;
				KERNEL_EXTENSION_HEADER_SEARCH_PATHS = "$(PROJECT_DIR)/Support/MacKernelSDK/Headers";
				KERNEL_FRAMEWORK_HEADERS = "$(PROJECT_DIR)/Support/MacKernelSDK/Headers";
				LIBRARY_SEARCH_PATHS = "$(PROJECT_DIR)/Support/MacKernelSDK/Library/x86_64";
				LOCALIZATION_PREFERS_STRING_CATALOGS = YES;
				MACOSX_DEPLOYMENT_TARGET = 15.5;
				MTL_ENABLE_DEBUG_INFO = NO;
				MTL_FAST_MATH = YES;
				SDKROOT = macosx;
			};
			name = Release;
		};
/* End XCBuildConfiguration section */

/* Begin XCConfigurationList section */
		4254DC3E2DEFFA2100871F6B /* Build configuration list for PBXNativeTarget "PCIHorror" */ = {
			isa = XCConfigurationList;
			buildConfigurations = (
				4254DC3F2DEFFA2100871F6B /* Debug */,
				4254DC402DEFFA2100871F6B /* Release */,
			);
			defaultConfigurationIsVisible = 0;
			defaultConfigurationName = Release;
		};
		4254DC522DEFFA2F00871F6B /* Build configuration list for PBXNativeTarget "PCIHorrorKit" */ = {
			isa = XCConfigurationList;
			buildConfigurations = (
				4254DC532DEFFA2F00871F6B /* Debug */,
				4254DC542DEFFA2F00871F6B /* Release */,
			);
			defaultConfigurationIsVisible = 0;
			defaultConfigurationName = Release;
		};
		4261A7DF2DF13C6A00544179 /* Build configuration list for PBXLegacyTarget "libnv-kernel-macosx" */ = {
			isa = XCConfigurationList;
			buildConfigurations = (
				4261A7E02DF13C6A00544179 /* Debug */,
				4261A7E12DF13C6A00544179 /* Release */,
			);
			defaultConfigurationIsVisible = 0;
			defaultConfigurationName = Release;
		};
		4261A8062DF1428E00544179 /* Build configuration list for PBXLegacyTarget "libnv-kernel-driverkit" */ = {
			isa = XCConfigurationList;
			buildConfigurations = (
				4261A8072DF1428E00544179 /* Debug */,
				4261A8082DF1428E00544179 /* Release */,
			);
			defaultConfigurationIsVisible = 0;
			defaultConfigurationName = Release;
		};
		426B43FE2DEE5C770091BF48 /* Build configuration list for PBXProject "NVMac" */ = {
			isa = XCConfigurationList;
			buildConfigurations = (
				426B44102DEE5C770091BF48 /* Debug */,
				426B44112DEE5C770091BF48 /* Release */,
			);
			defaultConfigurationIsVisible = 0;
			defaultConfigurationName = Release;
		};
		426B440D2DEE5C770091BF48 /* Build configuration list for PBXNativeTarget "NVMacRM" */ = {
			isa = XCConfigurationList;
			buildConfigurations = (
				426B440E2DEE5C770091BF48 /* Debug */,
				426B440F2DEE5C770091BF48 /* Release */,
			);
			defaultConfigurationIsVisible = 0;
			defaultConfigurationName = Release;
		};
/* End XCConfigurationList section */
	};
	rootObject = 426B43FB2DEE5C770091BF48 /* Project object */;
}
